
Microsoft Visual Studio Solution File, Format Version 12.00
# Visual Studio Version 17
VisualStudioVersion = 17.8.34511.84
MinimumVisualStudioVersion = 10.0.40219.1
Project("{9A19103F-16F7-4668-BE54-9A1E7A4F7556}") = "InforceTA", "InforceTA\InforceTA.csproj", "{EFA3AE7A-7477-4560-8468-DDF65FAA44DD}"
EndProject
Project("{FAE04EC0-301F-11D3-BF4B-00C04F79EFBC}") = "DB", "DB\DB.csproj", "{15EB0782-7ED3-4FCA-913F-4B1582415809}"
EndProject
Global
	GlobalSection(SolutionConfigurationPlatforms) = preSolution
		Debug|Any CPU = Debug|Any CPU
		Release|Any CPU = Release|Any CPU
	EndGlobalSection
	GlobalSection(ProjectConfigurationPlatforms) = postSolution
		{EFA3AE7A-7477-4560-8468-DDF65FAA44DD}.Debug|Any CPU.ActiveCfg = Debug|Any CPU
		{EFA3AE7A-7477-4560-8468-DDF65FAA44DD}.Debug|Any CPU.Build.0 = Debug|Any CPU
		{EFA3AE7A-7477-4560-8468-DDF65FAA44DD}.Release|Any CPU.ActiveCfg = Release|Any CPU
		{EFA3AE7A-7477-4560-8468-DDF65FAA44DD}.Release|Any CPU.Build.0 = Release|Any CPU
		{15EB0782-7ED3-4FCA-913F-4B1582415809}.Debug|Any CPU.ActiveCfg = Debug|Any CPU
		{15EB0782-7ED3-4FCA-913F-4B1582415809}.Debug|Any CPU.Build.0 = Debug|Any CPU
		{15EB0782-7ED3-4FCA-913F-4B1582415809}.Release|Any CPU.ActiveCfg = Release|Any CPU
		{15EB0782-7ED3-4FCA-913F-4B1582415809}.Release|Any CPU.Build.0 = Release|Any CPU
	EndGlobalSection
	GlobalSection(SolutionProperties) = preSolution
		HideSolutionNode = FALSE
	EndGlobalSection
	GlobalSection(ExtensibilityGlobals) = postSolution
		SolutionGuid = {890078D8-8723-49FC-908B-585056D0AD8C}
	EndGlobalSection
EndGlobal
